
Microsoft Visual Studio Solution File, Format Version 12.00
# Visual Studio Version 17
VisualStudioVersion = 17.0.31903.59
MinimumVisualStudioVersion = 10.0.40219.1
Project("{9A19103F-16F7-4668-BE54-9A1E7A4F7556}") = "PantheonWars", "PantheonWars\PantheonWars.csproj", "{8A3C8C6A-7A3F-4E5D-9B5E-1F9E3C7D5A4B}"
EndProject
Project("{9A19103F-16F7-4668-BE54-9A1E7A4F7556}") = "CakeBuild", "CakeBuild\CakeBuild.csproj", "{7B2D9C5E-8F4A-4D6C-9E5F-2A8D4B6C7E9A}"
EndProject
Global
	GlobalSection(SolutionConfigurationPlatforms) = preSolution
		Debug|Any CPU = Debug|Any CPU
		Release|Any CPU = Release|Any CPU
	EndGlobalSection
	GlobalSection(ProjectConfigurationPlatforms) = postSolution
		{8A3C8C6A-7A3F-4E5D-9B5E-1F9E3C7D5A4B}.Debug|Any CPU.ActiveCfg = Debug|Any CPU
		{8A3C8C6A-7A3F-4E5D-9B5E-1F9E3C7D5A4B}.Debug|Any CPU.Build.0 = Debug|Any CPU
		{8A3C8C6A-7A3F-4E5D-9B5E-1F9E3C7D5A4B}.Release|Any CPU.ActiveCfg = Release|Any CPU
		{8A3C8C6A-7A3F-4E5D-9B5E-1F9E3C7D5A4B}.Release|Any CPU.Build.0 = Release|Any CPU
		{7B2D9C5E-8F4A-4D6C-9E5F-2A8D4B6C7E9A}.Debug|Any CPU.ActiveCfg = Debug|Any CPU
		{7B2D9C5E-8F4A-4D6C-9E5F-2A8D4B6C7E9A}.Debug|Any CPU.Build.0 = Debug|Any CPU
		{7B2D9C5E-8F4A-4D6C-9E5F-2A8D4B6C7E9A}.Release|Any CPU.ActiveCfg = Release|Any CPU
		{7B2D9C5E-8F4A-4D6C-9E5F-2A8D4B6C7E9A}.Release|Any CPU.Build.0 = Release|Any CPU
	EndGlobalSection
	GlobalSection(SolutionProperties) = preSolution
		HideSolutionNode = FALSE
	EndGlobalSection
EndGlobal
